
Microsoft Visual Studio Solution File, Format Version 12.00
# Visual Studio 14
VisualStudioVersion = 14.0.23107.0
MinimumVisualStudioVersion = 10.0.40219.1
Project("{E24C65DC-7377-472B-9ABA-BC803B73C61A}") = "ArmatureRepair", "..\..\WebSites\ArmatureRepair\", "{AF3DB3C5-492F-4300-9027-C00071AB50A3}"
	ProjectSection(WebsiteProperties) = preProject
		TargetFrameworkMoniker = ".NETFramework,Version%3Dv4.0"
		Debug.AspNetCompiler.VirtualPath = "/ArmatureRepair"
		Debug.AspNetCompiler.PhysicalPath = "..\..\WebSites\ArmatureRepair\"
		Debug.AspNetCompiler.TargetPath = "PrecompiledWeb\ArmatureRepair\"
		Debug.AspNetCompiler.Updateable = "true"
		Debug.AspNetCompiler.ForceOverwrite = "true"
		Debug.AspNetCompiler.FixedNames = "false"
		Debug.AspNetCompiler.Debug = "True"
		Release.AspNetCompiler.VirtualPath = "/ArmatureRepair"
		Release.AspNetCompiler.PhysicalPath = "..\..\WebSites\ArmatureRepair\"
		Release.AspNetCompiler.TargetPath = "PrecompiledWeb\ArmatureRepair\"
		Release.AspNetCompiler.Updateable = "true"
		Release.AspNetCompiler.ForceOverwrite = "true"
		Release.AspNetCompiler.FixedNames = "false"
		Release.AspNetCompiler.Debug = "False"
		VWDPort = "50048"
		SlnRelativePath = "..\..\WebSites\ArmatureRepair\"
	EndProjectSection
EndProject
Global
	GlobalSection(SolutionConfigurationPlatforms) = preSolution
		Debug|Any CPU = Debug|Any CPU
	EndGlobalSection
	GlobalSection(ProjectConfigurationPlatforms) = postSolution
		{AF3DB3C5-492F-4300-9027-C00071AB50A3}.Debug|Any CPU.ActiveCfg = Debug|Any CPU
		{AF3DB3C5-492F-4300-9027-C00071AB50A3}.Debug|Any CPU.Build.0 = Debug|Any CPU
	EndGlobalSection
	GlobalSection(SolutionProperties) = preSolution
		HideSolutionNode = FALSE
	EndGlobalSection
EndGlobal
